
Microsoft Visual Studio Solution File, Format Version 12.00
# Visual Studio Version 16
VisualStudioVersion = 16.0.30225.117
MinimumVisualStudioVersion = 10.0.40219.1
Project("{FAE04EC0-301F-11D3-BF4B-00C04F79EFBC}") = "NonORMExample", "NonORMExample\NonORMExample.csproj", "{ECE8E61F-319B-4B21-8AAC-AD4E1EA3F53D}"
EndProject
Global
	GlobalSection(SolutionConfigurationPlatforms) = preSolution
		Debug|Any CPU = Debug|Any CPU
		Release|Any CPU = Release|Any CPU
	EndGlobalSection
	GlobalSection(ProjectConfigurationPlatforms) = postSolution
		{ECE8E61F-319B-4B21-8AAC-AD4E1EA3F53D}.Debug|Any CPU.ActiveCfg = Debug|Any CPU
		{ECE8E61F-319B-4B21-8AAC-AD4E1EA3F53D}.Debug|Any CPU.Build.0 = Debug|Any CPU
		{ECE8E61F-319B-4B21-8AAC-AD4E1EA3F53D}.Release|Any CPU.ActiveCfg = Release|Any CPU
		{ECE8E61F-319B-4B21-8AAC-AD4E1EA3F53D}.Release|Any CPU.Build.0 = Release|Any CPU
	EndGlobalSection
	GlobalSection(SolutionProperties) = preSolution
		HideSolutionNode = FALSE
	EndGlobalSection
	GlobalSection(ExtensibilityGlobals) = postSolution
		SolutionGuid = {889A7251-09D0-4DFC-BFB9-8894E9F0F8D5}
	EndGlobalSection
EndGlobal
